
Microsoft Visual Studio Solution File, Format Version 12.00
Project("{FAE04EC0-301F-11D3-BF4B-00C04F79EFBC}") = "Honlsoft.TimeLog", "Honlsoft.TimeLog\Honlsoft.TimeLog.csproj", "{BC6E5B94-9184-4454-9FBC-5E7E00916933}"
EndProject
Project("{FAE04EC0-301F-11D3-BF4B-00C04F79EFBC}") = "Honlsoft.TimeLog.Console", "Honlsoft.TimeLog.Console\Honlsoft.TimeLog.Console.csproj", "{E0F254A1-B734-4208-A42A-DFC28E7645C1}"
EndProject
Project("{FAE04EC0-301F-11D3-BF4B-00C04F79EFBC}") = "Honlsoft.TimeLog.Markdown", "Honlsoft.TimeLog.Markdown\Honlsoft.TimeLog.Markdown.csproj", "{E5804D1F-66DC-470F-802D-8F80FBA69662}"
EndProject
Project("{FAE04EC0-301F-11D3-BF4B-00C04F79EFBC}") = "Honlsoft.TimeLog.Tests", "Honlsoft.TimeLog.Tests\Honlsoft.TimeLog.Tests.csproj", "{03961976-EFED-4D12-A1E8-DCB77A683AEB}"
EndProject
Global
	GlobalSection(SolutionConfigurationPlatforms) = preSolution
		Debug|Any CPU = Debug|Any CPU
		Release|Any CPU = Release|Any CPU
	EndGlobalSection
	GlobalSection(ProjectConfigurationPlatforms) = postSolution
		{BC6E5B94-9184-4454-9FBC-5E7E00916933}.Debug|Any CPU.ActiveCfg = Debug|Any CPU
		{BC6E5B94-9184-4454-9FBC-5E7E00916933}.Debug|Any CPU.Build.0 = Debug|Any CPU
		{BC6E5B94-9184-4454-9FBC-5E7E00916933}.Release|Any CPU.ActiveCfg = Release|Any CPU
		{BC6E5B94-9184-4454-9FBC-5E7E00916933}.Release|Any CPU.Build.0 = Release|Any CPU
		{E0F254A1-B734-4208-A42A-DFC28E7645C1}.Debug|Any CPU.ActiveCfg = Debug|Any CPU
		{E0F254A1-B734-4208-A42A-DFC28E7645C1}.Debug|Any CPU.Build.0 = Debug|Any CPU
		{E0F254A1-B734-4208-A42A-DFC28E7645C1}.Release|Any CPU.ActiveCfg = Release|Any CPU
		{E0F254A1-B734-4208-A42A-DFC28E7645C1}.Release|Any CPU.Build.0 = Release|Any CPU
		{E5804D1F-66DC-470F-802D-8F80FBA69662}.Debug|Any CPU.ActiveCfg = Debug|Any CPU
		{E5804D1F-66DC-470F-802D-8F80FBA69662}.Debug|Any CPU.Build.0 = Debug|Any CPU
		{E5804D1F-66DC-470F-802D-8F80FBA69662}.Release|Any CPU.ActiveCfg = Release|Any CPU
		{E5804D1F-66DC-470F-802D-8F80FBA69662}.Release|Any CPU.Build.0 = Release|Any CPU
		{03961976-EFED-4D12-A1E8-DCB77A683AEB}.Debug|Any CPU.ActiveCfg = Debug|Any CPU
		{03961976-EFED-4D12-A1E8-DCB77A683AEB}.Debug|Any CPU.Build.0 = Debug|Any CPU
		{03961976-EFED-4D12-A1E8-DCB77A683AEB}.Release|Any CPU.ActiveCfg = Release|Any CPU
		{03961976-EFED-4D12-A1E8-DCB77A683AEB}.Release|Any CPU.Build.0 = Release|Any CPU
	EndGlobalSection
EndGlobal
